
Microsoft Visual Studio Solution File, Format Version 12.00
# Visual Studio 15
VisualStudioVersion = 15.0.28010.2050
MinimumVisualStudioVersion = 10.0.40219.1
Project("{FAE04EC0-301F-11D3-BF4B-00C04F79EFBC}") = "Xamarin_Test_Project.Android", "Xamarin_Test_Project\Xamarin_Test_Project.Android\Xamarin_Test_Project.Android.csproj", "{6B2C0F61-71FA-4368-910F-DAC4468E5AB2}"
EndProject
Project("{FAE04EC0-301F-11D3-BF4B-00C04F79EFBC}") = "Xamarin_Test_Project.iOS", "Xamarin_Test_Project\Xamarin_Test_Project.iOS\Xamarin_Test_Project.iOS.csproj", "{C97B347E-9C9F-4BD8-B9DA-F5BC9B7D14BB}"
EndProject
Project("{9A19103F-16F7-4668-BE54-9A1E7A4F7556}") = "Xamarin_Test_Project", "Xamarin_Test_Project\Xamarin_Test_Project\Xamarin_Test_Project.csproj", "{50CE3BF8-F9F2-4411-8593-3E423C49407D}"
EndProject
Global
	GlobalSection(SolutionConfigurationPlatforms) = preSolution
		Ad-Hoc|Any CPU = Ad-Hoc|Any CPU
		Ad-Hoc|iPhone = Ad-Hoc|iPhone
		Ad-Hoc|iPhoneSimulator = Ad-Hoc|iPhoneSimulator
		Ad-Hoc|x86 = Ad-Hoc|x86
		AppStore|Any CPU = AppStore|Any CPU
		AppStore|iPhone = AppStore|iPhone
		AppStore|iPhoneSimulator = AppStore|iPhoneSimulator
		AppStore|x86 = AppStore|x86
		Debug|Any CPU = Debug|Any CPU
		Debug|iPhone = Debug|iPhone
		Debug|iPhoneSimulator = Debug|iPhoneSimulator
		Debug|x86 = Debug|x86
		Release|Any CPU = Release|Any CPU
		Release|iPhone = Release|iPhone
		Release|iPhoneSimulator = Release|iPhoneSimulator
		Release|x86 = Release|x86
	EndGlobalSection
	GlobalSection(ProjectConfigurationPlatforms) = postSolution
		{6B2C0F61-71FA-4368-910F-DAC4468E5AB2}.Ad-Hoc|Any CPU.ActiveCfg = Release|Any CPU
		{6B2C0F61-71FA-4368-910F-DAC4468E5AB2}.Ad-Hoc|Any CPU.Build.0 = Release|Any CPU
		{6B2C0F61-71FA-4368-910F-DAC4468E5AB2}.Ad-Hoc|Any CPU.Deploy.0 = Release|Any CPU
		{6B2C0F61-71FA-4368-910F-DAC4468E5AB2}.Ad-Hoc|iPhone.ActiveCfg = Release|Any CPU
		{6B2C0F61-71FA-4368-910F-DAC4468E5AB2}.Ad-Hoc|iPhone.Build.0 = Release|Any CPU
		{6B2C0F61-71FA-4368-910F-DAC4468E5AB2}.Ad-Hoc|iPhone.Deploy.0 = Release|Any CPU
		{6B2C0F61-71FA-4368-910F-DAC4468E5AB2}.Ad-Hoc|iPhoneSimulator.ActiveCfg = Release|Any CPU
		{6B2C0F61-71FA-4368-910F-DAC4468E5AB2}.Ad-Hoc|iPhoneSimulator.Build.0 = Release|Any CPU
		{6B2C0F61-71FA-4368-910F-DAC4468E5AB2}.Ad-Hoc|iPhoneSimulator.Deploy.0 = Release|Any CPU
		{6B2C0F61-71FA-4368-910F-DAC4468E5AB2}.Ad-Hoc|x86.ActiveCfg = Release|x86
		{6B2C0F61-71FA-4368-910F-DAC4468E5AB2}.Ad-Hoc|x86.Build.0 = Release|x86
		{6B2C0F61-71FA-4368-910F-DAC4468E5AB2}.Ad-Hoc|x86.Deploy.0 = Release|x86
		{6B2C0F61-71FA-4368-910F-DAC4468E5AB2}.AppStore|Any CPU.ActiveCfg = Release|Any CPU
		{6B2C0F61-71FA-4368-910F-DAC4468E5AB2}.AppStore|Any CPU.Build.0 = Release|Any CPU
		{6B2C0F61-71FA-4368-910F-DAC4468E5AB2}.AppStore|Any CPU.Deploy.0 = Release|Any CPU
		{6B2C0F61-71FA-4368-910F-DAC4468E5AB2}.AppStore|iPhone.ActiveCfg = Release|Any CPU
		{6B2C0F61-71FA-4368-910F-DAC4468E5AB2}.AppStore|iPhone.Build.0 = Release|Any CPU
		{6B2C0F61-71FA-4368-910F-DAC4468E5AB2}.AppStore|iPhone.Deploy.0 = Release|Any CPU
		{6B2C0F61-71FA-4368-910F-DAC4468E5AB2}.AppStore|iPhoneSimulator.ActiveCfg = Release|Any CPU
		{6B2C0F61-71FA-4368-910F-DAC4468E5AB2}.AppStore|iPhoneSimulator.Build.0 = Release|Any CPU
		{6B2C0F61-71FA-4368-910F-DAC4468E5AB2}.AppStore|iPhoneSimulator.Deploy.0 = Release|Any CPU
		{6B2C0F61-71FA-4368-910F-DAC4468E5AB2}.AppStore|x86.ActiveCfg = Release|x86
		{6B2C0F61-71FA-4368-910F-DAC4468E5AB2}.AppStore|x86.Build.0 = Release|x86
		{6B2C0F61-71FA-4368-910F-DAC4468E5AB2}.AppStore|x86.Deploy.0 = Release|x86
		{6B2C0F61-71FA-4368-910F-DAC4468E5AB2}.Debug|Any CPU.ActiveCfg = Debug|x86
		{6B2C0F61-71FA-4368-910F-DAC4468E5AB2}.Debug|Any CPU.Build.0 = Debug|x86
		{6B2C0F61-71FA-4368-910F-DAC4468E5AB2}.Debug|Any CPU.Deploy.0 = Debug|x86
		{6B2C0F61-71FA-4368-910F-DAC4468E5AB2}.Debug|iPhone.ActiveCfg = Debug|Any CPU
		{6B2C0F61-71FA-4368-910F-DAC4468E5AB2}.Debug|iPhone.Build.0 = Debug|Any CPU
		{6B2C0F61-71FA-4368-910F-DAC4468E5AB2}.Debug|iPhone.Deploy.0 = Debug|Any CPU
		{6B2C0F61-71FA-4368-910F-DAC4468E5AB2}.Debug|iPhoneSimulator.ActiveCfg = Debug|Any CPU
		{6B2C0F61-71FA-4368-910F-DAC4468E5AB2}.Debug|iPhoneSimulator.Build.0 = Debug|Any CPU
		{6B2C0F61-71FA-4368-910F-DAC4468E5AB2}.Debug|iPhoneSimulator.Deploy.0 = Debug|Any CPU
		{6B2C0F61-71FA-4368-910F-DAC4468E5AB2}.Debug|x86.ActiveCfg = Debug|x86
		{6B2C0F61-71FA-4368-910F-DAC4468E5AB2}.Debug|x86.Build.0 = Debug|x86
		{6B2C0F61-71FA-4368-910F-DAC4468E5AB2}.Debug|x86.Deploy.0 = Debug|x86
		{6B2C0F61-71FA-4368-910F-DAC4468E5AB2}.Release|Any CPU.ActiveCfg = Release|Any CPU
		{6B2C0F61-71FA-4368-910F-DAC4468E5AB2}.Release|Any CPU.Build.0 = Release|Any CPU
		{6B2C0F61-71FA-4368-910F-DAC4468E5AB2}.Release|Any CPU.Deploy.0 = Release|Any CPU
		{6B2C0F61-71FA-4368-910F-DAC4468E5AB2}.Release|iPhone.ActiveCfg = Release|Any CPU
		{6B2C0F61-71FA-4368-910F-DAC4468E5AB2}.Release|iPhone.Build.0 = Release|Any CPU
		{6B2C0F61-71FA-4368-910F-DAC4468E5AB2}.Release|iPhone.Deploy.0 = Release|Any CPU
		{6B2C0F61-71FA-4368-910F-DAC4468E5AB2}.Release|iPhoneSimulator.ActiveCfg = Release|Any CPU
		{6B2C0F61-71FA-4368-910F-DAC4468E5AB2}.Release|iPhoneSimulator.Build.0 = Release|Any CPU
		{6B2C0F61-71FA-4368-910F-DAC4468E5AB2}.Release|iPhoneSimulator.Deploy.0 = Release|Any CPU
		{6B2C0F61-71FA-4368-910F-DAC4468E5AB2}.Release|x86.ActiveCfg = Release|x86
		{6B2C0F61-71FA-4368-910F-DAC4468E5AB2}.Release|x86.Build.0 = Release|x86
		{6B2C0F61-71FA-4368-910F-DAC4468E5AB2}.Release|x86.Deploy.0 = Release|x86
		{C97B347E-9C9F-4BD8-B9DA-F5BC9B7D14BB}.Ad-Hoc|Any CPU.ActiveCfg = Ad-Hoc|iPhone
		{C97B347E-9C9F-4BD8-B9DA-F5BC9B7D14BB}.Ad-Hoc|Any CPU.Build.0 = Ad-Hoc|iPhone
		{C97B347E-9C9F-4BD8-B9DA-F5BC9B7D14BB}.Ad-Hoc|Any CPU.Deploy.0 = Ad-Hoc|iPhone
		{C97B347E-9C9F-4BD8-B9DA-F5BC9B7D14BB}.Ad-Hoc|iPhone.ActiveCfg = Ad-Hoc|iPhone
		{C97B347E-9C9F-4BD8-B9DA-F5BC9B7D14BB}.Ad-Hoc|iPhone.Build.0 = Ad-Hoc|iPhone
		{C97B347E-9C9F-4BD8-B9DA-F5BC9B7D14BB}.Ad-Hoc|iPhone.Deploy.0 = Ad-Hoc|iPhone
		{C97B347E-9C9F-4BD8-B9DA-F5BC9B7D14BB}.Ad-Hoc|iPhoneSimulator.ActiveCfg = Ad-Hoc|iPhoneSimulator
		{C97B347E-9C9F-4BD8-B9DA-F5BC9B7D14BB}.Ad-Hoc|iPhoneSimulator.Build.0 = Ad-Hoc|iPhoneSimulator
		{C97B347E-9C9F-4BD8-B9DA-F5BC9B7D14BB}.Ad-Hoc|iPhoneSimulator.Deploy.0 = Ad-Hoc|iPhoneSimulator
		{C97B347E-9C9F-4BD8-B9DA-F5BC9B7D14BB}.Ad-Hoc|x86.ActiveCfg = Ad-Hoc|x86
		{C97B347E-9C9F-4BD8-B9DA-F5BC9B7D14BB}.Ad-Hoc|x86.Build.0 = Ad-Hoc|x86
		{C97B347E-9C9F-4BD8-B9DA-F5BC9B7D14BB}.AppStore|Any CPU.ActiveCfg = AppStore|iPhone
		{C97B347E-9C9F-4BD8-B9DA-F5BC9B7D14BB}.AppStore|Any CPU.Build.0 = AppStore|iPhone
		{C97B347E-9C9F-4BD8-B9DA-F5BC9B7D14BB}.AppStore|Any CPU.Deploy.0 = AppStore|iPhone
		{C97B347E-9C9F-4BD8-B9DA-F5BC9B7D14BB}.AppStore|iPhone.ActiveCfg = AppStore|iPhone
		{C97B347E-9C9F-4BD8-B9DA-F5BC9B7D14BB}.AppStore|iPhone.Build.0 = AppStore|iPhone
		{C97B347E-9C9F-4BD8-B9DA-F5BC9B7D14BB}.AppStore|iPhone.Deploy.0 = AppStore|iPhone
		{C97B347E-9C9F-4BD8-B9DA-F5BC9B7D14BB}.AppStore|iPhoneSimulator.ActiveCfg = AppStore|iPhoneSimulator
		{C97B347E-9C9F-4BD8-B9DA-F5BC9B7D14BB}.AppStore|iPhoneSimulator.Build.0 = AppStore|iPhoneSimulator
		{C97B347E-9C9F-4BD8-B9DA-F5BC9B7D14BB}.AppStore|iPhoneSimulator.Deploy.0 = AppStore|iPhoneSimulator
		{C97B347E-9C9F-4BD8-B9DA-F5BC9B7D14BB}.AppStore|x86.ActiveCfg = AppStore|x86
		{C97B347E-9C9F-4BD8-B9DA-F5BC9B7D14BB}.AppStore|x86.Build.0 = AppStore|x86
		{C97B347E-9C9F-4BD8-B9DA-F5BC9B7D14BB}.Debug|Any CPU.ActiveCfg = Debug|iPhoneSimulator
		{C97B347E-9C9F-4BD8-B9DA-F5BC9B7D14BB}.Debug|Any CPU.Deploy.0 = Debug|iPhoneSimulator
		{C97B347E-9C9F-4BD8-B9DA-F5BC9B7D14BB}.Debug|iPhone.ActiveCfg = Debug|iPhone
		{C97B347E-9C9F-4BD8-B9DA-F5BC9B7D14BB}.Debug|iPhone.Build.0 = Debug|iPhone
		{C97B347E-9C9F-4BD8-B9DA-F5BC9B7D14BB}.Debug|iPhone.Deploy.0 = Debug|iPhone
		{C97B347E-9C9F-4BD8-B9DA-F5BC9B7D14BB}.Debug|iPhoneSimulator.ActiveCfg = Debug|iPhoneSimulator
		{C97B347E-9C9F-4BD8-B9DA-F5BC9B7D14BB}.Debug|iPhoneSimulator.Build.0 = Debug|iPhoneSimulator
		{C97B347E-9C9F-4BD8-B9DA-F5BC9B7D14BB}.Debug|iPhoneSimulator.Deploy.0 = Debug|iPhoneSimulator
		{C97B347E-9C9F-4BD8-B9DA-F5BC9B7D14BB}.Debug|x86.ActiveCfg = Debug|iPhone
		{C97B347E-9C9F-4BD8-B9DA-F5BC9B7D14BB}.Release|Any CPU.ActiveCfg = Release|iPhone
		{C97B347E-9C9F-4BD8-B9DA-F5BC9B7D14BB}.Release|Any CPU.Build.0 = Release|iPhone
		{C97B347E-9C9F-4BD8-B9DA-F5BC9B7D14BB}.Release|Any CPU.Deploy.0 = Release|iPhone
		{C97B347E-9C9F-4BD8-B9DA-F5BC9B7D14BB}.Release|iPhone.ActiveCfg = Release|iPhone
		{C97B347E-9C9F-4BD8-B9DA-F5BC9B7D14BB}.Release|iPhone.Build.0 = Release|iPhone
		{C97B347E-9C9F-4BD8-B9DA-F5BC9B7D14BB}.Release|iPhone.Deploy.0 = Release|iPhone
		{C97B347E-9C9F-4BD8-B9DA-F5BC9B7D14BB}.Release|iPhoneSimulator.ActiveCfg = Release|iPhoneSimulator
		{C97B347E-9C9F-4BD8-B9DA-F5BC9B7D14BB}.Release|iPhoneSimulator.Build.0 = Release|iPhoneSimulator
		{C97B347E-9C9F-4BD8-B9DA-F5BC9B7D14BB}.Release|iPhoneSimulator.Deploy.0 = Release|iPhoneSimulator
		{C97B347E-9C9F-4BD8-B9DA-F5BC9B7D14BB}.Release|x86.ActiveCfg = Release|x86
		{C97B347E-9C9F-4BD8-B9DA-F5BC9B7D14BB}.Release|x86.Build.0 = Release|x86
		{50CE3BF8-F9F2-4411-8593-3E423C49407D}.Ad-Hoc|Any CPU.ActiveCfg = Debug|Any CPU
		{50CE3BF8-F9F2-4411-8593-3E423C49407D}.Ad-Hoc|Any CPU.Build.0 = Debug|Any CPU
		{50CE3BF8-F9F2-4411-8593-3E423C49407D}.Ad-Hoc|Any CPU.Deploy.0 = Debug|Any CPU
		{50CE3BF8-F9F2-4411-8593-3E423C49407D}.Ad-Hoc|iPhone.ActiveCfg = Debug|Any CPU
		{50CE3BF8-F9F2-4411-8593-3E423C49407D}.Ad-Hoc|iPhone.Build.0 = Debug|Any CPU
		{50CE3BF8-F9F2-4411-8593-3E423C49407D}.Ad-Hoc|iPhone.Deploy.0 = Debug|Any CPU
		{50CE3BF8-F9F2-4411-8593-3E423C49407D}.Ad-Hoc|iPhoneSimulator.ActiveCfg = Debug|Any CPU
		{50CE3BF8-F9F2-4411-8593-3E423C49407D}.Ad-Hoc|iPhoneSimulator.Build.0 = Debug|Any CPU
		{50CE3BF8-F9F2-4411-8593-3E423C49407D}.Ad-Hoc|iPhoneSimulator.Deploy.0 = Debug|Any CPU
		{50CE3BF8-F9F2-4411-8593-3E423C49407D}.Ad-Hoc|x86.ActiveCfg = Release|x86
		{50CE3BF8-F9F2-4411-8593-3E423C49407D}.Ad-Hoc|x86.Build.0 = Release|x86
		{50CE3BF8-F9F2-4411-8593-3E423C49407D}.AppStore|Any CPU.ActiveCfg = Debug|Any CPU
		{50CE3BF8-F9F2-4411-8593-3E423C49407D}.AppStore|Any CPU.Build.0 = Debug|Any CPU
		{50CE3BF8-F9F2-4411-8593-3E423C49407D}.AppStore|Any CPU.Deploy.0 = Debug|Any CPU
		{50CE3BF8-F9F2-4411-8593-3E423C49407D}.AppStore|iPhone.ActiveCfg = Debug|Any CPU
		{50CE3BF8-F9F2-4411-8593-3E423C49407D}.AppStore|iPhone.Build.0 = Debug|Any CPU
		{50CE3BF8-F9F2-4411-8593-3E423C49407D}.AppStore|iPhone.Deploy.0 = Debug|Any CPU
		{50CE3BF8-F9F2-4411-8593-3E423C49407D}.AppStore|iPhoneSimulator.ActiveCfg = Debug|Any CPU
		{50CE3BF8-F9F2-4411-8593-3E423C49407D}.AppStore|iPhoneSimulator.Build.0 = Debug|Any CPU
		{50CE3BF8-F9F2-4411-8593-3E423C49407D}.AppStore|iPhoneSimulator.Deploy.0 = Debug|Any CPU
		{50CE3BF8-F9F2-4411-8593-3E423C49407D}.AppStore|x86.ActiveCfg = Release|x86
		{50CE3BF8-F9F2-4411-8593-3E423C49407D}.AppStore|x86.Build.0 = Release|x86
		{50CE3BF8-F9F2-4411-8593-3E423C49407D}.Debug|Any CPU.ActiveCfg = Debug|Any CPU
		{50CE3BF8-F9F2-4411-8593-3E423C49407D}.Debug|Any CPU.Build.0 = Debug|Any CPU
		{50CE3BF8-F9F2-4411-8593-3E423C49407D}.Debug|Any CPU.Deploy.0 = Debug|Any CPU
		{50CE3BF8-F9F2-4411-8593-3E423C49407D}.Debug|iPhone.ActiveCfg = Debug|Any CPU
		{50CE3BF8-F9F2-4411-8593-3E423C49407D}.Debug|iPhone.Build.0 = Debug|Any CPU
		{50CE3BF8-F9F2-4411-8593-3E423C49407D}.Debug|iPhone.Deploy.0 = Debug|Any CPU
		{50CE3BF8-F9F2-4411-8593-3E423C49407D}.Debug|iPhoneSimulator.ActiveCfg = Debug|Any CPU
		{50CE3BF8-F9F2-4411-8593-3E423C49407D}.Debug|iPhoneSimulator.Build.0 = Debug|Any CPU
		{50CE3BF8-F9F2-4411-8593-3E423C49407D}.Debug|iPhoneSimulator.Deploy.0 = Debug|Any CPU
		{50CE3BF8-F9F2-4411-8593-3E423C49407D}.Debug|x86.ActiveCfg = Debug|Any CPU
		{50CE3BF8-F9F2-4411-8593-3E423C49407D}.Debug|x86.Build.0 = Debug|Any CPU
		{50CE3BF8-F9F2-4411-8593-3E423C49407D}.Release|Any CPU.ActiveCfg = Release|Any CPU
		{50CE3BF8-F9F2-4411-8593-3E423C49407D}.Release|Any CPU.Build.0 = Release|Any CPU
		{50CE3BF8-F9F2-4411-8593-3E423C49407D}.Release|Any CPU.Deploy.0 = Release|Any CPU
		{50CE3BF8-F9F2-4411-8593-3E423C49407D}.Release|iPhone.ActiveCfg = Release|Any CPU
		{50CE3BF8-F9F2-4411-8593-3E423C49407D}.Release|iPhone.Build.0 = Release|Any CPU
		{50CE3BF8-F9F2-4411-8593-3E423C49407D}.Release|iPhone.Deploy.0 = Release|Any CPU
		{50CE3BF8-F9F2-4411-8593-3E423C49407D}.Release|iPhoneSimulator.ActiveCfg = Release|Any CPU
		{50CE3BF8-F9F2-4411-8593-3E423C49407D}.Release|iPhoneSimulator.Build.0 = Release|Any CPU
		{50CE3BF8-F9F2-4411-8593-3E423C49407D}.Release|iPhoneSimulator.Deploy.0 = Release|Any CPU
		{50CE3BF8-F9F2-4411-8593-3E423C49407D}.Release|x86.ActiveCfg = Release|x86
		{50CE3BF8-F9F2-4411-8593-3E423C49407D}.Release|x86.Build.0 = Release|x86
	EndGlobalSection
	GlobalSection(SolutionProperties) = preSolution
		HideSolutionNode = FALSE
	EndGlobalSection
	GlobalSection(ExtensibilityGlobals) = postSolution
		SolutionGuid = {5F222778-C32E-46B0-A9F6-5C8BAF6BD44D}
	EndGlobalSection
EndGlobal
